
Microsoft Visual Studio Solution File, Format Version 12.00
# Visual Studio Version 16
VisualStudioVersion = 16.0.28803.156
MinimumVisualStudioVersion = 10.0.40219.1
Project("{9A19103F-16F7-4668-BE54-9A1E7A4F7556}") = "mock-api", "mock-api.csproj", "{C1218152-F7FB-46EE-9559-5BDDC48C6114}"
EndProject
Global
	GlobalSection(SolutionConfigurationPlatforms) = preSolution
		Debug|Any CPU = Debug|Any CPU
		Release|Any CPU = Release|Any CPU
	EndGlobalSection
	GlobalSection(ProjectConfigurationPlatforms) = postSolution
		{C1218152-F7FB-46EE-9559-5BDDC48C6114}.Debug|Any CPU.ActiveCfg = Debug|Any CPU
		{C1218152-F7FB-46EE-9559-5BDDC48C6114}.Debug|Any CPU.Build.0 = Debug|Any CPU
		{C1218152-F7FB-46EE-9559-5BDDC48C6114}.Release|Any CPU.ActiveCfg = Release|Any CPU
		{C1218152-F7FB-46EE-9559-5BDDC48C6114}.Release|Any CPU.Build.0 = Release|Any CPU
	EndGlobalSection
	GlobalSection(SolutionProperties) = preSolution
		HideSolutionNode = FALSE
	EndGlobalSection
	GlobalSection(ExtensibilityGlobals) = postSolution
		SolutionGuid = {9572C292-DD01-4E31-8C84-F3AFE451D78B}
	EndGlobalSection
EndGlobal
